
Microsoft Visual Studio Solution File, Format Version 12.00
# Visual Studio Version 17
VisualStudioVersion = 17.13.35931.197
MinimumVisualStudioVersion = 10.0.40219.1
Project("{FAE04EC0-301F-11D3-BF4B-00C04F79EFBC}") = "Todo.OnlineTaskManagement.Application", "Todo.OnlineTaskManagement.Application\Todo.OnlineTaskManagement.Application.csproj", "{6E7D2F15-1D04-4224-979E-5071621C73AA}"
	ProjectSection(ProjectDependencies) = postProject
		{491B6FB0-62CB-433A-AC7E-B8E4A9F0ABB5} = {491B6FB0-62CB-433A-AC7E-B8E4A9F0ABB5}
		{824D5FA5-C13F-4BC8-B4AC-D8A5FCA35F8F} = {824D5FA5-C13F-4BC8-B4AC-D8A5FCA35F8F}
		{B5E37BB6-5BDE-473D-A091-5EE5D28BD1CF} = {B5E37BB6-5BDE-473D-A091-5EE5D28BD1CF}
	EndProjectSection
EndProject
Project("{FAE04EC0-301F-11D3-BF4B-00C04F79EFBC}") = "Todo.OnlineTaskManagement.Infrastructure", "Todo.OnlineTaskManagement.Infrastructure\Todo.OnlineTaskManagement.Infrastructure.csproj", "{824D5FA5-C13F-4BC8-B4AC-D8A5FCA35F8F}"
	ProjectSection(ProjectDependencies) = postProject
		{491B6FB0-62CB-433A-AC7E-B8E4A9F0ABB5} = {491B6FB0-62CB-433A-AC7E-B8E4A9F0ABB5}
	EndProjectSection
EndProject
Project("{FAE04EC0-301F-11D3-BF4B-00C04F79EFBC}") = "Todo.OnlineTaskManagement.Shared", "Todo.OnlineTaskManagement.Shared\Todo.OnlineTaskManagement.Shared.csproj", "{B5E37BB6-5BDE-473D-A091-5EE5D28BD1CF}"
EndProject
Project("{FAE04EC0-301F-11D3-BF4B-00C04F79EFBC}") = "Todo.OnlineTaskManagement.ApplicationCore", "Todo.OnlineTaskManagement.ApplicationCore\Todo.OnlineTaskManagement.ApplicationCore.csproj", "{491B6FB0-62CB-433A-AC7E-B8E4A9F0ABB5}"
EndProject
Project("{FAE04EC0-301F-11D3-BF4B-00C04F79EFBC}") = "Todo.OnlineTaskManagement.WebApplication", "Todo.OnlineTaskManagement.WebApplication\Todo.OnlineTaskManagement.WebApplication.csproj", "{22B3A27B-26B1-4734-8FAA-4C630CDDD9C9}"
EndProject
Project("{FAE04EC0-301F-11D3-BF4B-00C04F79EFBC}") = "Todo.OnlineTaskManagement.Web", "Todo.OnlineTaskManagement.Web\Todo.OnlineTaskManagement.Web.csproj", "{91D354AB-BBC0-4558-87F7-1FBE1B77B9BE}"
EndProject
Project("{FAE04EC0-301F-11D3-BF4B-00C04F79EFBC}") = "Todo.OnlineTaskManagement.BlazorApp.Application", "Todo.OnlineTaskManagement.BlazorApp.Application\Todo.OnlineTaskManagement.BlazorApp.Application.csproj", "{5B886C83-6C99-F876-7CDA-EEABBBED170B}"
EndProject
Project("{FAE04EC0-301F-11D3-BF4B-00C04F79EFBC}") = "Todo.OnlineTaskManagement.BlazorApp.Infrastructure", "Todo.OnlineTaskManagement.BlazorApp.Infrastructure\Todo.OnlineTaskManagement.BlazorApp.Infrastructure.csproj", "{E8B494CF-5379-D292-8C74-1D89D4925F92}"
EndProject
Global
	GlobalSection(SolutionConfigurationPlatforms) = preSolution
		Debug|Any CPU = Debug|Any CPU
		Release|Any CPU = Release|Any CPU
	EndGlobalSection
	GlobalSection(ProjectConfigurationPlatforms) = postSolution
		{6E7D2F15-1D04-4224-979E-5071621C73AA}.Debug|Any CPU.ActiveCfg = Debug|Any CPU
		{6E7D2F15-1D04-4224-979E-5071621C73AA}.Debug|Any CPU.Build.0 = Debug|Any CPU
		{6E7D2F15-1D04-4224-979E-5071621C73AA}.Release|Any CPU.ActiveCfg = Release|Any CPU
		{6E7D2F15-1D04-4224-979E-5071621C73AA}.Release|Any CPU.Build.0 = Release|Any CPU
		{824D5FA5-C13F-4BC8-B4AC-D8A5FCA35F8F}.Debug|Any CPU.ActiveCfg = Debug|Any CPU
		{824D5FA5-C13F-4BC8-B4AC-D8A5FCA35F8F}.Debug|Any CPU.Build.0 = Debug|Any CPU
		{824D5FA5-C13F-4BC8-B4AC-D8A5FCA35F8F}.Release|Any CPU.ActiveCfg = Release|Any CPU
		{824D5FA5-C13F-4BC8-B4AC-D8A5FCA35F8F}.Release|Any CPU.Build.0 = Release|Any CPU
		{B5E37BB6-5BDE-473D-A091-5EE5D28BD1CF}.Debug|Any CPU.ActiveCfg = Debug|Any CPU
		{B5E37BB6-5BDE-473D-A091-5EE5D28BD1CF}.Debug|Any CPU.Build.0 = Debug|Any CPU
		{B5E37BB6-5BDE-473D-A091-5EE5D28BD1CF}.Release|Any CPU.ActiveCfg = Release|Any CPU
		{B5E37BB6-5BDE-473D-A091-5EE5D28BD1CF}.Release|Any CPU.Build.0 = Release|Any CPU
		{491B6FB0-62CB-433A-AC7E-B8E4A9F0ABB5}.Debug|Any CPU.ActiveCfg = Debug|Any CPU
		{491B6FB0-62CB-433A-AC7E-B8E4A9F0ABB5}.Debug|Any CPU.Build.0 = Debug|Any CPU
		{491B6FB0-62CB-433A-AC7E-B8E4A9F0ABB5}.Release|Any CPU.ActiveCfg = Release|Any CPU
		{491B6FB0-62CB-433A-AC7E-B8E4A9F0ABB5}.Release|Any CPU.Build.0 = Release|Any CPU
		{22B3A27B-26B1-4734-8FAA-4C630CDDD9C9}.Debug|Any CPU.ActiveCfg = Debug|Any CPU
		{22B3A27B-26B1-4734-8FAA-4C630CDDD9C9}.Debug|Any CPU.Build.0 = Debug|Any CPU
		{22B3A27B-26B1-4734-8FAA-4C630CDDD9C9}.Release|Any CPU.ActiveCfg = Release|Any CPU
		{22B3A27B-26B1-4734-8FAA-4C630CDDD9C9}.Release|Any CPU.Build.0 = Release|Any CPU
		{91D354AB-BBC0-4558-87F7-1FBE1B77B9BE}.Debug|Any CPU.ActiveCfg = Debug|Any CPU
		{91D354AB-BBC0-4558-87F7-1FBE1B77B9BE}.Debug|Any CPU.Build.0 = Debug|Any CPU
		{91D354AB-BBC0-4558-87F7-1FBE1B77B9BE}.Release|Any CPU.ActiveCfg = Release|Any CPU
		{91D354AB-BBC0-4558-87F7-1FBE1B77B9BE}.Release|Any CPU.Build.0 = Release|Any CPU
		{5B886C83-6C99-F876-7CDA-EEABBBED170B}.Debug|Any CPU.ActiveCfg = Debug|Any CPU
		{5B886C83-6C99-F876-7CDA-EEABBBED170B}.Debug|Any CPU.Build.0 = Debug|Any CPU
		{5B886C83-6C99-F876-7CDA-EEABBBED170B}.Release|Any CPU.ActiveCfg = Release|Any CPU
		{5B886C83-6C99-F876-7CDA-EEABBBED170B}.Release|Any CPU.Build.0 = Release|Any CPU
		{E8B494CF-5379-D292-8C74-1D89D4925F92}.Debug|Any CPU.ActiveCfg = Debug|Any CPU
		{E8B494CF-5379-D292-8C74-1D89D4925F92}.Debug|Any CPU.Build.0 = Debug|Any CPU
		{E8B494CF-5379-D292-8C74-1D89D4925F92}.Release|Any CPU.ActiveCfg = Release|Any CPU
		{E8B494CF-5379-D292-8C74-1D89D4925F92}.Release|Any CPU.Build.0 = Release|Any CPU
	EndGlobalSection
	GlobalSection(SolutionProperties) = preSolution
		HideSolutionNode = FALSE
	EndGlobalSection
	GlobalSection(ExtensibilityGlobals) = postSolution
		SolutionGuid = {9309B8DB-76D9-4317-BCFA-ABE6AB232733}
	EndGlobalSection
EndGlobal
